
Microsoft Visual Studio Solution File, Format Version 12.00
# Visual Studio Version 17
VisualStudioVersion = 17.12.35707.178
MinimumVisualStudioVersion = 10.0.40219.1
Project("{FAE04EC0-301F-11D3-BF4B-00C04F79EFBC}") = "VehicleRentalPlatform.API", "VehicleRentalPlatform.API\VehicleRentalPlatform.API.csproj", "{AFAB9C5D-A6DD-444B-AA6A-6FC27476B61B}"
EndProject
Project("{FAE04EC0-301F-11D3-BF4B-00C04F79EFBC}") = "VehicleRentalPlatform.Domain", "VehicleRentalPlatform.Domain\VehicleRentalPlatform.Domain.csproj", "{963490D7-AAEC-49EF-A06A-7F4A306ABE4E}"
EndProject
Project("{FAE04EC0-301F-11D3-BF4B-00C04F79EFBC}") = "VehicleRentalPlatform.Application", "VehicleRentalPlatform.Application\VehicleRentalPlatform.Application.csproj", "{1F4E06C5-2C63-49E0-B15B-4510B23E9D67}"
EndProject
Project("{FAE04EC0-301F-11D3-BF4B-00C04F79EFBC}") = "VehicleRentalPlatform.Infrastructure", "VehicleRentalPlatform.Infrastructure\VehicleRentalPlatform.Infrastructure.csproj", "{7EA91377-2CA6-4092-8517-1FBE3B803BBC}"
EndProject
Project("{2150E333-8FDC-42A3-9474-1A3956D46DE8}") = "Solution Items", "Solution Items", "{748DFF81-8269-41B2-831C-C4C45213288E}"
	ProjectSection(SolutionItems) = preProject
		docker-compose.yml = docker-compose.yml
		ReadMe.md = ReadMe.md
	EndProjectSection
EndProject
Project("{FAE04EC0-301F-11D3-BF4B-00C04F79EFBC}") = "VehicleRentalPlatform.Tests", "VehicleRentalPlatform.Tests\VehicleRentalPlatform.Tests.csproj", "{47C9174E-ED9C-497F-8439-EDBC99B2EC7A}"
EndProject
Global
	GlobalSection(SolutionConfigurationPlatforms) = preSolution
		Debug|Any CPU = Debug|Any CPU
		Release|Any CPU = Release|Any CPU
	EndGlobalSection
	GlobalSection(ProjectConfigurationPlatforms) = postSolution
		{AFAB9C5D-A6DD-444B-AA6A-6FC27476B61B}.Debug|Any CPU.ActiveCfg = Debug|Any CPU
		{AFAB9C5D-A6DD-444B-AA6A-6FC27476B61B}.Debug|Any CPU.Build.0 = Debug|Any CPU
		{AFAB9C5D-A6DD-444B-AA6A-6FC27476B61B}.Release|Any CPU.ActiveCfg = Release|Any CPU
		{AFAB9C5D-A6DD-444B-AA6A-6FC27476B61B}.Release|Any CPU.Build.0 = Release|Any CPU
		{963490D7-AAEC-49EF-A06A-7F4A306ABE4E}.Debug|Any CPU.ActiveCfg = Debug|Any CPU
		{963490D7-AAEC-49EF-A06A-7F4A306ABE4E}.Debug|Any CPU.Build.0 = Debug|Any CPU
		{963490D7-AAEC-49EF-A06A-7F4A306ABE4E}.Release|Any CPU.ActiveCfg = Release|Any CPU
		{963490D7-AAEC-49EF-A06A-7F4A306ABE4E}.Release|Any CPU.Build.0 = Release|Any CPU
		{1F4E06C5-2C63-49E0-B15B-4510B23E9D67}.Debug|Any CPU.ActiveCfg = Debug|Any CPU
		{1F4E06C5-2C63-49E0-B15B-4510B23E9D67}.Debug|Any CPU.Build.0 = Debug|Any CPU
		{1F4E06C5-2C63-49E0-B15B-4510B23E9D67}.Release|Any CPU.ActiveCfg = Release|Any CPU
		{1F4E06C5-2C63-49E0-B15B-4510B23E9D67}.Release|Any CPU.Build.0 = Release|Any CPU
		{7EA91377-2CA6-4092-8517-1FBE3B803BBC}.Debug|Any CPU.ActiveCfg = Debug|Any CPU
		{7EA91377-2CA6-4092-8517-1FBE3B803BBC}.Debug|Any CPU.Build.0 = Debug|Any CPU
		{7EA91377-2CA6-4092-8517-1FBE3B803BBC}.Release|Any CPU.ActiveCfg = Release|Any CPU
		{7EA91377-2CA6-4092-8517-1FBE3B803BBC}.Release|Any CPU.Build.0 = Release|Any CPU
		{47C9174E-ED9C-497F-8439-EDBC99B2EC7A}.Debug|Any CPU.ActiveCfg = Debug|Any CPU
		{47C9174E-ED9C-497F-8439-EDBC99B2EC7A}.Debug|Any CPU.Build.0 = Debug|Any CPU
		{47C9174E-ED9C-497F-8439-EDBC99B2EC7A}.Release|Any CPU.ActiveCfg = Release|Any CPU
		{47C9174E-ED9C-497F-8439-EDBC99B2EC7A}.Release|Any CPU.Build.0 = Release|Any CPU
	EndGlobalSection
	GlobalSection(SolutionProperties) = preSolution
		HideSolutionNode = FALSE
	EndGlobalSection
EndGlobal
